
Microsoft Visual Studio Solution File, Format Version 12.00
# Visual Studio Version 17
VisualStudioVersion = 17.1.32210.238
MinimumVisualStudioVersion = 10.0.40219.1
Project("{FAE04EC0-301F-11D3-BF4B-00C04F79EFBC}") = "WindowsFormsApp1", "WindowsFormsApp1\WindowsFormsApp1.csproj", "{5AD592D0-285A-4013-A074-782D8EEC8BB6}"
EndProject
Global
	GlobalSection(SolutionConfigurationPlatforms) = preSolution
		Debug|Any CPU = Debug|Any CPU
		Release|Any CPU = Release|Any CPU
	EndGlobalSection
	GlobalSection(ProjectConfigurationPlatforms) = postSolution
		{5AD592D0-285A-4013-A074-782D8EEC8BB6}.Debug|Any CPU.ActiveCfg = Debug|Any CPU
		{5AD592D0-285A-4013-A074-782D8EEC8BB6}.Debug|Any CPU.Build.0 = Debug|Any CPU
		{5AD592D0-285A-4013-A074-782D8EEC8BB6}.Release|Any CPU.ActiveCfg = Release|Any CPU
		{5AD592D0-285A-4013-A074-782D8EEC8BB6}.Release|Any CPU.Build.0 = Release|Any CPU
	EndGlobalSection
	GlobalSection(SolutionProperties) = preSolution
		HideSolutionNode = FALSE
	EndGlobalSection
	GlobalSection(ExtensibilityGlobals) = postSolution
		SolutionGuid = {931E67F5-BDCF-4989-8D96-2226C8EC08D3}
	EndGlobalSection
EndGlobal
